<?xml version="1.0" encoding="utf-8"?>
<Project ToolsVersion="4.0" xmlns="http://schemas.microsoft.com/developer/msbuild/2003">
  <ItemGroup>
    <Filter Include="Header">
      <UniqueIdentifier>{d2737ed6-fe44-4e14-bdfa-12de75c1febf}</UniqueIdentifier>
    </Filter>
    <Filter Include="Header\Dev">
      <UniqueIdentifier>{3f7a1c25-9d84-4e17-b6a2-71c0d9e4f5a1}</UniqueIdentifier>
    </Filter>
    <Filter Include="Header\Protocol">
      <UniqueIdentifier>{a1f0c3d2-4b5e-4a91-9c7d-0e1f2a3b4c50}</UniqueIdentifier>
    </Filter>
    <Filter Include="Header\Checks">
      <UniqueIdentifier>{b2e1d4c3-5c6f-4b82-8d6e-1f2a3b4c5d61}</UniqueIdentifier>
    </Filter>
    <Filter Include="Header\Checks\Submissions">
      <UniqueIdentifier>{d5fdb7e9-f68e-4b65-8334-c12418c56aeb}</UniqueIdentifier>
    </Filter>
    <Filter Include="Header\Gameplay">
      <UniqueIdentifier>{c3d2e5f4-6d70-4c73-7e5f-2a3b4c5d6e72}</UniqueIdentifier>
    </Filter>
    <Filter Include="Header\Tags">
      <UniqueIdentifier>{d4c3f6a5-7e81-4d64-6f4a-3b4c5d6e7f83}</UniqueIdentifier>
    </Filter>
    <Filter Include="Header\Persistence">
      <UniqueIdentifier>{e5b4a7b6-8f92-4e55-5a3b-4c5d6e7f8a94}</UniqueIdentifier>
    </Filter>
    <Filter Include="Header\HUD">
      <UniqueIdentifier>{f6a5b8c7-9a03-4f46-4b2c-5d6e7f8a9b05}</UniqueIdentifier>
    </Filter>
    <Filter Include="Header\Common">
      <UniqueIdentifier>{a7b6c9d8-ab14-4a37-3c1d-6e7f8a9b0c16}</UniqueIdentifier>
    </Filter>
    <Filter Include="Source">
      <UniqueIdentifier>{80eca0db-1570-4c8e-a998-44b61c8db291}</UniqueIdentifier>
    </Filter>
    <Filter Include="Source\Dev">
      <UniqueIdentifier>{8c4e2b96-5a17-4d38-9f60-2b83e7c1a4d9}</UniqueIdentifier>
    </Filter>
    <Filter Include="Source\Protocol">
      <UniqueIdentifier>{b8c7dae9-bc25-4b48-2d0e-7f8a9b0c1d27}</UniqueIdentifier>
    </Filter>
    <Filter Include="Source\Checks">
      <UniqueIdentifier>{c9d8ebfa-cd36-4c59-1e1f-8a9b0c1d2e38}</UniqueIdentifier>
    </Filter>
    <Filter Include="Source\Checks\Submissions">
      <UniqueIdentifier>{e8d1bb44-cdb3-4eb3-ac0f-b995cdfae0a2}</UniqueIdentifier>
    </Filter>
    <Filter Include="Source\Gameplay">
      <UniqueIdentifier>{dae9fc0b-de47-4d6a-0f20-9b0c1d2e3f49}</UniqueIdentifier>
    </Filter>
    <Filter Include="Source\Tags">
      <UniqueIdentifier>{ebfa0d1c-ef58-4e7b-a031-0c1d2e3f4a5a}</UniqueIdentifier>
    </Filter>
    <Filter Include="Source\Persistence">
      <UniqueIdentifier>{fc0b1e2d-fa69-4f8c-b142-1d2e3f4a5b6b}</UniqueIdentifier>
    </Filter>
    <Filter Include="Source\HUD">
      <UniqueIdentifier>{0d1c2f3e-ab7a-409d-c253-2e3f4a5b6c7c}</UniqueIdentifier>
    </Filter>
    <Filter Include="Source\Common">
      <UniqueIdentifier>{1e2d3a4f-bc8b-41ae-d364-3f4a5b6c7d8d}</UniqueIdentifier>
    </Filter>
  </ItemGroup>
  <ItemGroup>
    <ClInclude Include="header\Mod.h">
      <Filter>Header</Filter>
    </ClInclude>
    <ClInclude Include="header\Protocol\APSocket.h">
      <Filter>Header\Protocol</Filter>
    </ClInclude>
    <ClInclude Include="header\Protocol\APProtocol.h">
      <Filter>Header\Protocol</Filter>
    </ClInclude>
    <ClInclude Include="header\Protocol\ItemEffects.h">
      <Filter>Header\Protocol</Filter>
    </ClInclude>
    <ClInclude Include="header\Checks\CheckListener.h">
      <Filter>Header\Checks</Filter>
    </ClInclude>
    <ClInclude Include="header\Checks\CheckGiver.h">
      <Filter>Header\Checks</Filter>
    </ClInclude>
    <ClInclude Include="header\Checks\MissionBranches.h">
      <Filter>Header\Checks</Filter>
    </ClInclude>
    <ClInclude Include="header\Checks\BranchProgress.h">
      <Filter>Header\Checks</Filter>
    </ClInclude>
    <ClInclude Include="header\Checks\MissionLocateBlocked.h">
      <Filter>Header\Checks</Filter>
    </ClInclude>
    <ClInclude Include="header\Checks\BlockedMarkerTint.h">
      <Filter>Header\Checks</Filter>
    </ClInclude>
    <ClInclude Include="header\Checks\LegacyBlockerCleanup.h">
      <Filter>Header\Checks</Filter>
    </ClInclude>
    <ClInclude Include="header\Checks\PendingChecks.h">
      <Filter>Header\Checks</Filter>
    </ClInclude>
    <ClInclude Include="header\Checks\Submissions\SubmissionTracker.h">
      <Filter>Header\Checks\Submissions</Filter>
    </ClInclude>
    <ClInclude Include="header\Checks\Submissions\TieredSubmissionTracker.h">
      <Filter>Header\Checks\Submissions</Filter>
    </ClInclude>
    <ClInclude Include="header\Checks\Submissions\ParamedicTracker.h">
      <Filter>Header\Checks\Submissions</Filter>
    </ClInclude>
    <ClInclude Include="header\Checks\Submissions\FirefighterTracker.h">
      <Filter>Header\Checks\Submissions</Filter>
    </ClInclude>
    <ClInclude Include="header\Checks\Submissions\VigilanteTracker.h">
      <Filter>Header\Checks\Submissions</Filter>
    </ClInclude>
    <ClInclude Include="header\Checks\Submissions\TaxiTracker.h">
      <Filter>Header\Checks\Submissions</Filter>
    </ClInclude>
    <ClInclude Include="header\Checks\Submissions\BurglaryTracker.h">
      <Filter>Header\Checks\Submissions</Filter>
    </ClInclude>
    <ClInclude Include="header\Checks\Submissions\TruckingTracker.h">
      <Filter>Header\Checks\Submissions</Filter>
    </ClInclude>
    <ClInclude Include="header\Checks\Submissions\ValetTracker.h">
      <Filter>Header\Checks\Submissions</Filter>
    </ClInclude>
    <ClInclude Include="header\Checks\Submissions\SchoolTracker.h">
      <Filter>Header\Checks\Submissions</Filter>
    </ClInclude>
    <ClInclude Include="header\Checks\Submissions\BikeSchoolTracker.h">
      <Filter>Header\Checks\Submissions</Filter>
    </ClInclude>
    <ClInclude Include="header\Checks\Submissions\DrivingSchoolTracker.h">
      <Filter>Header\Checks\Submissions</Filter>
    </ClInclude>
    <ClInclude Include="header\Checks\Submissions\BoatSchoolTracker.h">
      <Filter>Header\Checks\Submissions</Filter>
    </ClInclude>
    <ClInclude Include="header\Checks\Submissions\ExportListTracker.h">
      <Filter>Header\Checks\Submissions</Filter>
    </ClInclude>
    <ClInclude Include="header\Checks\Submissions\QuarryTracker.h">
      <Filter>Header\Checks\Submissions</Filter>
    </ClInclude>
    <ClInclude Include="header\Checks\Submissions\GangTerritoryTracker.h">
      <Filter>Header\Checks\Submissions</Filter>
    </ClInclude>
    <ClInclude Include="header\Checks\Submissions\CourierTracker.h">
      <Filter>Header\Checks\Submissions</Filter>
    </ClInclude>
    <ClInclude Include="header\Dev\WaypointTeleport.h">
      <Filter>Header\Dev</Filter>
    </ClInclude>
    <ClInclude Include="header\Checks\Submissions\GlobalFlagTracker.h">
      <Filter>Header\Checks\Submissions</Filter>
    </ClInclude>
    <ClInclude Include="header\Checks\Submissions\ExportVehicles.h">
      <Filter>Header\Checks\Submissions</Filter>
    </ClInclude>
    <ClInclude Include="header\Checks\Submissions\PimpingTracker.h">
      <Filter>Header\Checks\Submissions</Filter>
    </ClInclude>
    <ClInclude Include="header\Common\ModSettings.h">
      <Filter>Header\Common</Filter>
    </ClInclude>
    <ClInclude Include="header\Common\RunningScripts.h">
      <Filter>Header\Common</Filter>
    </ClInclude>
    <ClInclude Include="header\Common\ScriptCommandHook.h">
      <Filter>Header\Common</Filter>
    </ClInclude>
    <ClInclude Include="header\Common\ScriptGlobals.h">
      <Filter>Header\Common</Filter>
    </ClInclude>
    <ClInclude Include="header\Checks\Submissions\GymTracker.h">
      <Filter>Header\Checks\Submissions</Filter>
    </ClInclude>
    <ClInclude Include="header\Checks\Submissions\FightingStyleArbiter.h">
      <Filter>Header\Checks\Submissions</Filter>
    </ClInclude>
    <ClInclude Include="header\Checks\Submissions\RaceTracker.h">
      <Filter>Header\Checks\Submissions</Filter>
    </ClInclude>
    <ClInclude Include="header\Checks\Submissions\ShootingRangeTracker.h">
      <Filter>Header\Checks\Submissions</Filter>
    </ClInclude>
    <ClInclude Include="header\Gameplay\MenuGate.h">
      <Filter>Header\Gameplay</Filter>
    </ClInclude>
    <ClInclude Include="header\Gameplay\StreetRaceUnlock.h">
      <Filter>Header\Gameplay</Filter>
    </ClInclude>
    <ClInclude Include="header\Gameplay\SubmissionResumeLevel.h">
      <Filter>Header\Gameplay</Filter>
    </ClInclude>
    <ClInclude Include="header\Gameplay\CityUnlock.h">
      <Filter>Header\Gameplay</Filter>
    </ClInclude>
    <ClInclude Include="header\Gameplay\FastTravel.h">
      <Filter>Header\Gameplay</Filter>
    </ClInclude>
    <ClInclude Include="header\Gameplay\BranchControllers.h">
      <Filter>Header\Gameplay</Filter>
    </ClInclude>
    <ClInclude Include="header\Common\Teleport.h">
      <Filter>Header\Common</Filter>
    </ClInclude>
    <ClInclude Include="header\Checks\SubmissionStartBlocked.h">
      <Filter>Header\Checks</Filter>
    </ClInclude>
    <ClInclude Include="header\Checks\Submissions\Lockable.h">
      <Filter>Header\Checks\Submissions</Filter>
    </ClInclude>
    <ClInclude Include="header\Gameplay\ShopMenuText.h">
      <Filter>Header\Gameplay</Filter>
    </ClInclude>
    <ClInclude Include="header\Gameplay\AmmuNationShop.h">
      <Filter>Header\Gameplay</Filter>
    </ClInclude>
    <ClInclude Include="header\Gameplay\TrapHandler.h">
      <Filter>Header\Gameplay</Filter>
    </ClInclude>
    <ClInclude Include="header\Gameplay\DeathLinkHandler.h">
      <Filter>Header\Gameplay</Filter>
    </ClInclude>
    <ClInclude Include="header\Tags\CollectibleBlipsManager.h">
      <Filter>Header\Tags</Filter>
    </ClInclude>
    <ClInclude Include="header\Tags\BlipTarget.h">
      <Filter>Header\Tags</Filter>
    </ClInclude>
    <ClInclude Include="header\Tags\TagPositions.h">
      <Filter>Header\Tags</Filter>
    </ClInclude>
    <ClInclude Include="header\Tags\Collectible.h">
      <Filter>Header\Tags</Filter>
    </ClInclude>
    <ClInclude Include="header\Tags\PickupLock.h">
      <Filter>Header\Tags</Filter>
    </ClInclude>
    <ClInclude Include="header\Tags\SnapshotLock.h">
      <Filter>Header\Tags</Filter>
    </ClInclude>
    <ClInclude Include="header\Tags\TagTracker.h">
      <Filter>Header\Tags</Filter>
    </ClInclude>
    <ClInclude Include="header\Tags\SnapshotTracker.h">
      <Filter>Header\Tags</Filter>
    </ClInclude>
    <ClInclude Include="header\Tags\HorseshoeTracker.h">
      <Filter>Header\Tags</Filter>
    </ClInclude>
    <ClInclude Include="header\Tags\OysterTracker.h">
      <Filter>Header\Tags</Filter>
    </ClInclude>
    <ClInclude Include="header\Tags\OysterPositions.h">
      <Filter>Header\Tags</Filter>
    </ClInclude>
    <ClInclude Include="header\Tags\HorseshoePositions.h">
      <Filter>Header\Tags</Filter>
    </ClInclude>
    <ClInclude Include="header\Tags\SnapshotPositions.h">
      <Filter>Header\Tags</Filter>
    </ClInclude>
    <ClInclude Include="header\Persistence\PersistentState.h">
      <Filter>Header\Persistence</Filter>
    </ClInclude>
    <ClInclude Include="header\Persistence\StartingSaves.h">
      <Filter>Header\Persistence</Filter>
    </ClInclude>
    <ClInclude Include="header\Persistence\SaveRedirect.h">
      <Filter>Header\Persistence</Filter>
    </ClInclude>
    <ClInclude Include="header\Persistence\SaveDataManager.h">
      <Filter>Header\Persistence</Filter>
    </ClInclude>
    <ClInclude Include="header\Persistence\GameStorageHook.h">
      <Filter>Header\Persistence</Filter>
    </ClInclude>
    <ClInclude Include="header\Protocol\ReceivedItemLog.h">
      <Filter>Header\Protocol</Filter>
    </ClInclude>
    <ClInclude Include="header\Persistence\AutoSaveManager.h">
      <Filter>Header\Persistence</Filter>
    </ClInclude>
    <ClInclude Include="header\HUD\NotificationOverlay.h">
      <Filter>Header\HUD</Filter>
    </ClInclude>
    <ClInclude Include="header\HUD\ScreenScale.h">
      <Filter>Header\HUD</Filter>
    </ClInclude>
    <ClInclude Include="header\HUD\MenuMap.h">
      <Filter>Header\HUD</Filter>
    </ClInclude>
    <ClInclude Include="header\Common\EntityIDs.h">
      <Filter>Header\Common</Filter>
    </ClInclude>
    <ClInclude Include="header\Common\WeaponData.h">
      <Filter>Header\Common</Filter>
    </ClInclude>
    <ClInclude Include="header\Common\Position.h">
      <Filter>Header\Common</Filter>
    </ClInclude>
    <ClInclude Include="header\Common\ParseUtils.h">
      <Filter>Header\Common</Filter>
    </ClInclude>
    <ClInclude Include="header\Common\PlayerControl.h">
      <Filter>Header\Common</Filter>
    </ClInclude>
    <ClInclude Include="header\Common\EdgeTriggeredKey.h">
      <Filter>Header\Common</Filter>
    </ClInclude>
    <ClInclude Include="header\Checks\Submissions\TrainTracker.h">
      <Filter>Header\Checks\Submissions</Filter>
    </ClInclude>
    <ClInclude Include="header\Tags\TagSprayBlocker.h">
      <Filter>Header\Tags</Filter>
    </ClInclude>
    <ClInclude Include="header\Gameplay\WangCarsUnlock.h">
      <Filter>Header\Gameplay</Filter>
    </ClInclude>
  </ItemGroup>
  <ItemGroup>
    <ClCompile Include="source\Main.cpp">
      <Filter>Source</Filter>
    </ClCompile>
    <ClCompile Include="source\Mod.cpp">
      <Filter>Source</Filter>
    </ClCompile>
    <ClCompile Include="source\Protocol\APSocket.cpp">
      <Filter>Source\Protocol</Filter>
    </ClCompile>
    <ClCompile Include="source\Protocol\APProtocol.cpp">
      <Filter>Source\Protocol</Filter>
    </ClCompile>
    <ClCompile Include="source\Protocol\ItemEffects.cpp">
      <Filter>Source\Protocol</Filter>
    </ClCompile>
    <ClCompile Include="source\Protocol\ReceivedItemLog.cpp">
      <Filter>Source\Protocol</Filter>
    </ClCompile>
    <ClCompile Include="source\Checks\CheckListener.cpp">
      <Filter>Source\Checks</Filter>
    </ClCompile>
    <ClCompile Include="source\Checks\CheckGiver.cpp">
      <Filter>Source\Checks</Filter>
    </ClCompile>
    <ClCompile Include="source\Checks\MissionBranches.cpp">
      <Filter>Source\Checks</Filter>
    </ClCompile>
    <ClCompile Include="source\Checks\BranchProgress.cpp">
      <Filter>Source\Checks</Filter>
    </ClCompile>
    <ClCompile Include="source\Checks\MissionLocateBlocked.cpp">
      <Filter>Source\Checks</Filter>
    </ClCompile>
    <ClCompile Include="source\Checks\BlockedMarkerTint.cpp">
      <Filter>Source\Checks</Filter>
    </ClCompile>
    <ClCompile Include="source\Checks\LegacyBlockerCleanup.cpp">
      <Filter>Source\Checks</Filter>
    </ClCompile>
    <ClCompile Include="source\Checks\Submissions\SubmissionTracker.cpp">
      <Filter>Source\Checks\Submissions</Filter>
    </ClCompile>
    <ClCompile Include="source\Checks\Submissions\TieredSubmissionTracker.cpp">
      <Filter>Source\Checks\Submissions</Filter>
    </ClCompile>
    <ClCompile Include="source\Checks\Submissions\ParamedicTracker.cpp">
      <Filter>Source\Checks\Submissions</Filter>
    </ClCompile>
    <ClCompile Include="source\Checks\Submissions\FirefighterTracker.cpp">
      <Filter>Source\Checks\Submissions</Filter>
    </ClCompile>
    <ClCompile Include="source\Checks\Submissions\VigilanteTracker.cpp">
      <Filter>Source\Checks\Submissions</Filter>
    </ClCompile>
    <ClCompile Include="source\Checks\Submissions\TaxiTracker.cpp">
      <Filter>Source\Checks\Submissions</Filter>
    </ClCompile>
    <ClCompile Include="source\Checks\Submissions\BurglaryTracker.cpp">
      <Filter>Source\Checks\Submissions</Filter>
    </ClCompile>
    <ClCompile Include="source\Checks\Submissions\TruckingTracker.cpp">
      <Filter>Source\Checks\Submissions</Filter>
    </ClCompile>
    <ClCompile Include="source\Checks\Submissions\ValetTracker.cpp">
      <Filter>Source\Checks\Submissions</Filter>
    </ClCompile>
    <ClCompile Include="source\Checks\Submissions\SchoolTracker.cpp">
      <Filter>Source\Checks\Submissions</Filter>
    </ClCompile>
    <ClCompile Include="source\Checks\Submissions\BikeSchoolTracker.cpp">
      <Filter>Source\Checks\Submissions</Filter>
    </ClCompile>
    <ClCompile Include="source\Checks\Submissions\DrivingSchoolTracker.cpp">
      <Filter>Source\Checks\Submissions</Filter>
    </ClCompile>
    <ClCompile Include="source\Checks\Submissions\BoatSchoolTracker.cpp">
      <Filter>Source\Checks\Submissions</Filter>
    </ClCompile>
    <ClCompile Include="source\Checks\Submissions\ExportListTracker.cpp">
      <Filter>Source\Checks\Submissions</Filter>
    </ClCompile>
    <ClCompile Include="source\Checks\Submissions\QuarryTracker.cpp">
      <Filter>Source\Checks\Submissions</Filter>
    </ClCompile>
    <ClCompile Include="source\Checks\Submissions\GangTerritoryTracker.cpp">
      <Filter>Source\Checks\Submissions</Filter>
    </ClCompile>
    <ClCompile Include="source\Checks\Submissions\CourierTracker.cpp">
      <Filter>Source\Checks\Submissions</Filter>
    </ClCompile>
    <ClCompile Include="source\Dev\WaypointTeleport.cpp">
      <Filter>Source\Dev</Filter>
    </ClCompile>
    <ClCompile Include="source\Checks\Submissions\GlobalFlagTracker.cpp">
      <Filter>Source\Checks\Submissions</Filter>
    </ClCompile>
    <ClCompile Include="source\Checks\Submissions\PimpingTracker.cpp">
      <Filter>Source\Checks\Submissions</Filter>
    </ClCompile>
    <ClCompile Include="source\Checks\Submissions\GymTracker.cpp">
      <Filter>Source\Checks\Submissions</Filter>
    </ClCompile>
    <ClCompile Include="source\Checks\Submissions\RaceTracker.cpp">
      <Filter>Source\Checks\Submissions</Filter>
    </ClCompile>
    <ClCompile Include="source\Checks\Submissions\ShootingRangeTracker.cpp">
      <Filter>Source\Checks\Submissions</Filter>
    </ClCompile>
    <ClCompile Include="source\Gameplay\MenuGate.cpp">
      <Filter>Source\Gameplay</Filter>
    </ClCompile>
    <ClCompile Include="source\Gameplay\StreetRaceUnlock.cpp">
      <Filter>Source\Gameplay</Filter>
    </ClCompile>
    <ClCompile Include="source\Gameplay\SubmissionResumeLevel.cpp">
      <Filter>Source\Gameplay</Filter>
    </ClCompile>
    <ClCompile Include="source\Gameplay\CityUnlock.cpp">
      <Filter>Source\Gameplay</Filter>
    </ClCompile>
    <ClCompile Include="source\Gameplay\FastTravel.cpp">
      <Filter>Source\Gameplay</Filter>
    </ClCompile>
    <ClCompile Include="source\Gameplay\BranchControllers.cpp">
      <Filter>Source\Gameplay</Filter>
    </ClCompile>
    <ClCompile Include="source\Common\Teleport.cpp">
      <Filter>Source\Common</Filter>
    </ClCompile>
    <ClCompile Include="source\Checks\SubmissionStartBlocked.cpp">
      <Filter>Source\Checks</Filter>
    </ClCompile>
    <ClCompile Include="source\Checks\Submissions\Lockable.cpp">
      <Filter>Source\Checks\Submissions</Filter>
    </ClCompile>
    <ClCompile Include="source\Gameplay\ShopMenuText.cpp">
      <Filter>Source\Gameplay</Filter>
    </ClCompile>
    <ClCompile Include="source\Gameplay\AmmuNationShop.cpp">
      <Filter>Source\Gameplay</Filter>
    </ClCompile>
    <ClCompile Include="source\Gameplay\TrapHandler.cpp">
      <Filter>Source\Gameplay</Filter>
    </ClCompile>
    <ClCompile Include="source\Gameplay\DeathLinkHandler.cpp">
      <Filter>Source\Gameplay</Filter>
    </ClCompile>
    <ClCompile Include="source\Tags\CollectibleBlipsManager.cpp">
      <Filter>Source\Tags</Filter>
    </ClCompile>
    <ClCompile Include="source\Tags\BlipTarget.cpp">
      <Filter>Source\Tags</Filter>
    </ClCompile>
    <ClCompile Include="source\Tags\TagTracker.cpp">
      <Filter>Source\Tags</Filter>
    </ClCompile>
    <ClCompile Include="source\Tags\PickupLock.cpp">
      <Filter>Source\Tags</Filter>
    </ClCompile>
    <ClCompile Include="source\Tags\SnapshotLock.cpp">
      <Filter>Source\Tags</Filter>
    </ClCompile>
    <ClCompile Include="source\Tags\SnapshotTracker.cpp">
      <Filter>Source\Tags</Filter>
    </ClCompile>
    <ClCompile Include="source\Tags\HorseshoeTracker.cpp">
      <Filter>Source\Tags</Filter>
    </ClCompile>
    <ClCompile Include="source\Tags\OysterTracker.cpp">
      <Filter>Source\Tags</Filter>
    </ClCompile>
    <ClCompile Include="source\Persistence\StartingSaves.cpp">
      <Filter>Source\Persistence</Filter>
    </ClCompile>
    <ClCompile Include="source\Persistence\SaveRedirect.cpp">
      <Filter>Source\Persistence</Filter>
    </ClCompile>
    <ClCompile Include="source\Persistence\SaveDataManager.cpp">
      <Filter>Source\Persistence</Filter>
    </ClCompile>
    <ClCompile Include="source\Persistence\GameStorageHook.cpp">
      <Filter>Source\Persistence</Filter>
    </ClCompile>
    <ClCompile Include="source\Persistence\AutoSaveManager.cpp">
      <Filter>Source\Persistence</Filter>
    </ClCompile>
    <ClCompile Include="source\HUD\NotificationOverlay.cpp">
      <Filter>Source\HUD</Filter>
    </ClCompile>
    <ClCompile Include="source\Common\Position.cpp">
      <Filter>Source\Common</Filter>
    </ClCompile>
    <ClCompile Include="source\Common\ModSettings.cpp">
      <Filter>Source\Common</Filter>
    </ClCompile>
    <ClCompile Include="source\Common\ScriptCommandHook.cpp">
      <Filter>Source\Common</Filter>
    </ClCompile>
    <ClCompile Include="source\Common\PlayerControl.cpp">
      <Filter>Source\Common</Filter>
    </ClCompile>
    <ClCompile Include="source\Checks\Submissions\TrainTracker.cpp">
      <Filter>Source\Checks\Submissions</Filter>
    </ClCompile>
    <ClCompile Include="source\Tags\TagSprayBlocker.cpp">
      <Filter>Source\Tags</Filter>
    </ClCompile>
    <ClCompile Include="source\Gameplay\WangCarsUnlock.cpp">
      <Filter>Source\Gameplay</Filter>
    </ClCompile>
  </ItemGroup>
</Project>