<?xml version="1.0" encoding="utf-8"?>
<Project ToolsVersion="4.0" xmlns="http://schemas.microsoft.com/developer/msbuild/2003">
  <ItemGroup>
    <Filter Include="Header">
      <UniqueIdentifier>{d2737ed6-fe44-4e14-bdfa-12de75c1febf}</UniqueIdentifier>
    </Filter>
    <Filter Include="Source">
      <UniqueIdentifier>{80eca0db-1570-4c8e-a998-44b61c8db291}</UniqueIdentifier>
    </Filter>
    <Filter Include="Header\Submissions">
      <UniqueIdentifier>{d5fdb7e9-f68e-4b65-8334-c12418c56aeb}</UniqueIdentifier>
    </Filter>
    <Filter Include="Source\Submissions">
      <UniqueIdentifier>{e8d1bb44-cdb3-4eb3-ac0f-b995cdfae0a2}</UniqueIdentifier>
    </Filter>
  </ItemGroup>
  <ItemGroup>
    <ClInclude Include="header\APSocket.h">
      <Filter>Header</Filter>
    </ClInclude>
    <ClInclude Include="header\CheckGiver.h">
      <Filter>Header</Filter>
    </ClInclude>
    <ClInclude Include="header\CheckListener.h">
      <Filter>Header</Filter>
    </ClInclude>
    <ClInclude Include="header\EntityIDs.h">
      <Filter>Header</Filter>
    </ClInclude>
    <ClInclude Include="header\DeathLinkHandler.h">
      <Filter>Header</Filter>
    </ClInclude>
    <ClInclude Include="header\Mod.h">
      <Filter>Header</Filter>
    </ClInclude>
    <ClInclude Include="header\WeaponGiver.h">
      <Filter>Header</Filter>
    </ClInclude>
    <ClInclude Include="header\Position.h">
      <Filter>Header</Filter>
    </ClInclude>
    <ClInclude Include="header\SubmissionTracker.h">
      <Filter>Header\Submissions</Filter>
    </ClInclude>
    <ClInclude Include="header\ParamedicTracker.h">
      <Filter>Header\Submissions</Filter>
    </ClInclude>
    <ClInclude Include="header\VigilanteTracker.h">
      <Filter>Header\Submissions</Filter>
    </ClInclude>
    <ClInclude Include="header\FirefighterTracker.h">
      <Filter>Header\Submissions</Filter>
    </ClInclude>
    <ClInclude Include="header\BurglaryTracker.h">
      <Filter>Header\Submissions</Filter>
    </ClInclude>
    <ClInclude Include="header\TaxiTracker.h">
      <Filter>Header\Submissions</Filter>
    </ClInclude>
    <ClInclude Include="header\LosSantosGymTracker.h">
      <Filter>Header\Submissions</Filter>
    </ClInclude>
  </ItemGroup>
  <ItemGroup>
    <ClCompile Include="source\APSocket.cpp">
      <Filter>Source</Filter>
    </ClCompile>
    <ClCompile Include="source\CheckGiver.cpp">
      <Filter>Source</Filter>
    </ClCompile>
    <ClCompile Include="source\CheckListener.cpp">
      <Filter>Source</Filter>
    </ClCompile>
    <ClCompile Include="source\Main.cpp">
      <Filter>Source</Filter>
    </ClCompile>
    <ClCompile Include="source\Mod.cpp">
      <Filter>Source</Filter>
    </ClCompile>
    <ClCompile Include="source\DeathLinkHandler.cpp">
      <Filter>Source</Filter>
    </ClCompile>
    <ClCompile Include="source\WeaponGiver.cpp">
      <Filter>Source</Filter>
    </ClCompile>
    <ClCompile Include="source\Position.cpp">
      <Filter>Source</Filter>
    </ClCompile>
    <ClCompile Include="source\SubmissionTracker.cpp">
      <Filter>Source\Submissions</Filter>
    </ClCompile>
    <ClCompile Include="source\ParamedicTracker.cpp">
      <Filter>Source\Submissions</Filter>
    </ClCompile>
    <ClCompile Include="source\VigilanteTracker.cpp">
      <Filter>Source\Submissions</Filter>
    </ClCompile>
    <ClCompile Include="source\FirefighterTracker.cpp">
      <Filter>Source\Submissions</Filter>
    </ClCompile>
    <ClCompile Include="source\BurglaryTracker.cpp">
      <Filter>Source\Submissions</Filter>
    </ClCompile>
    <ClCompile Include="source\TaxiTracker.cpp">
      <Filter>Source\Submissions</Filter>
    </ClCompile>
    <ClCompile Include="source\LosSantosGymTracker.cpp">
      <Filter>Source\Submissions</Filter>
    </ClCompile>
  </ItemGroup>
</Project>